
Microsoft Visual Studio Solution File, Format Version 12.00
# Visual Studio Version 16
VisualStudioVersion = 16.0.31424.327
MinimumVisualStudioVersion = 10.0.40219.1
Project("{FAE04EC0-301F-11D3-BF4B-00C04F79EFBC}") = "ECommerceDemo", "ECommerceDemo\ECommerceDemo.csproj", "{42B53B36-0071-40C8-A67A-83FB9D2BF151}"
EndProject
Global
	GlobalSection(SolutionConfigurationPlatforms) = preSolution
		Debug|Any CPU = Debug|Any CPU
		Release|Any CPU = Release|Any CPU
	EndGlobalSection
	GlobalSection(ProjectConfigurationPlatforms) = postSolution
		{42B53B36-0071-40C8-A67A-83FB9D2BF151}.Debug|Any CPU.ActiveCfg = Debug|Any CPU
		{42B53B36-0071-40C8-A67A-83FB9D2BF151}.Debug|Any CPU.Build.0 = Debug|Any CPU
		{42B53B36-0071-40C8-A67A-83FB9D2BF151}.Release|Any CPU.ActiveCfg = Release|Any CPU
		{42B53B36-0071-40C8-A67A-83FB9D2BF151}.Release|Any CPU.Build.0 = Release|Any CPU
	EndGlobalSection
	GlobalSection(SolutionProperties) = preSolution
		HideSolutionNode = FALSE
	EndGlobalSection
	GlobalSection(ExtensibilityGlobals) = postSolution
		SolutionGuid = {9DAFE535-29A2-4DD0-82BD-95CCAE2E7B23}
	EndGlobalSection
EndGlobal
